{
    "_readme": [
        "This file locks the dependencies of your project to a known state",
        "Read more about it at https://getcomposer.org/doc/01-basic-usage.md#composer-lock-the-lock-file",
        "This file is @generated automatically"
    ],
    "hash": "4fbe6a677e125100b7aae113a671b5ed",
    "content-hash": "630369b8c6f0af1d551ac567fda3b909",
    "packages": [
        {
            "name": "asika/sitemap",
            "version": "1.0.0",
            "source": {
                "type": "git",
                "url": "https://github.com/asika32764/php-sitemap.git",
                "reference": "04e6d5f0430aca38d8a15586a19a83307fe54a6f"
            },
            "dist": {
                "type": "zip",
                "url": "https://api.github.com/repos/asika32764/php-sitemap/zipball/04e6d5f0430aca38d8a15586a19a83307fe54a6f",
                "reference": "04e6d5f0430aca38d8a15586a19a83307fe54a6f",
                "shasum": ""
            },
            "require-dev": {
                "windwalker/test": "2.*@stable"
            },
            "type": "php",
            "autoload": {
                "psr-4": {
                    "Asika\\Sitemap\\": "src/"
                }
            },
            "notification-url": "https://packagist.org/downloads/",
            "license": [
                "GPL-3.0+"
            ],
            "description": "PHP Simple Sitemap Generator",
            "homepage": "https://github.com/asika32764/php-sitemap",
            "keywords": [
                "Sitemap",
                "google",
                "seo"
            ],
            "time": "2015-06-07 15:26:31"
        }
    ],
    "packages-dev": [],
    "aliases": [],
    "minimum-stability": "stable",
    "stability-flags": [],
    "prefer-stable": false,
    "prefer-lowest": false,
    "platform": [],
    "platform-dev": []
}
